// !$*UTF8*$!
{
	archiveVersion = 1;
	classes = {
	};
	objectVersion = 56;
	objects = {

/* Begin PBXBuildFile section */
		780FF4EA2A032ABE0072F00B /* KeychainItemAccessibility.swift in Sources */ = {isa = PBXBuildFile; fileRef = 780FF4E82A032ABE0072F00B /* KeychainItemAccessibility.swift */; };
		780FF4EB2A032ABE0072F00B /* KeychainWrapper.swift in Sources */ = {isa = PBXBuildFile; fileRef = 780FF4E92A032ABE0072F00B /* KeychainWrapper.swift */; };
		781D91BD2A01E36100EAA6BD /* TableViewController.swift in Sources */ = {isa = PBXBuildFile; fileRef = 781D91BC2A01E36100EAA6BD /* TableViewController.swift */; };
		786DFB212A00637600F433EA /* AppDelegate.swift in Sources */ = {isa = PBXBuildFile; fileRef = 786DFB202A00637600F433EA /* AppDelegate.swift */; };
		786DFB232A00637600F433EA /* SceneDelegate.swift in Sources */ = {isa = PBXBuildFile; fileRef = 786DFB222A00637600F433EA /* SceneDelegate.swift */; };
		786DFB252A00637600F433EA /* ViewController.swift in Sources */ = {isa = PBXBuildFile; fileRef = 786DFB242A00637600F433EA /* ViewController.swift */; };
		786DFB282A00637600F433EA /* Main.storyboard in Resources */ = {isa = PBXBuildFile; fileRef = 786DFB262A00637600F433EA /* Main.storyboard */; };
		786DFB2B2A00637600F433EA /* Projects28_30_100days.xcdatamodeld in Sources */ = {isa = PBXBuildFile; fileRef = 786DFB292A00637600F433EA /* Projects28_30_100days.xcdatamodeld */; };
		786DFB2D2A00637700F433EA /* Assets.xcassets in Resources */ = {isa = PBXBuildFile; fileRef = 786DFB2C2A00637700F433EA /* Assets.xcassets */; };
		786DFB302A00637700F433EA /* LaunchScreen.storyboard in Resources */ = {isa = PBXBuildFile; fileRef = 786DFB2E2A00637700F433EA /* LaunchScreen.storyboard */; };
		786DFB3A2A00649900F433EA /* Card.swift in Sources */ = {isa = PBXBuildFile; fileRef = 786DFB392A00649900F433EA /* Card.swift */; };
/* End PBXBuildFile section */

/* Begin PBXFileReference section */
		780FF4E82A032ABE0072F00B /* KeychainItemAccessibility.swift */ = {isa = PBXFileReference; fileEncoding = 4; lastKnownFileType = sourcecode.swift; path = KeychainItemAccessibility.swift; sourceTree = "<group>"; };
		780FF4E92A032ABE0072F00B /* KeychainWrapper.swift */ = {isa = PBXFileReference; fileEncoding = 4; lastKnownFileType = sourcecode.swift; path = KeychainWrapper.swift; sourceTree = "<group>"; };
		781D91BC2A01E36100EAA6BD /* TableViewController.swift */ = {isa = PBXFileReference; lastKnownFileType = sourcecode.swift; path = TableViewController.swift; sourceTree = "<group>"; };
		786DFB1D2A00637600F433EA /* Projects28-30_100days.app */ = {isa = PBXFileReference; explicitFileType = wrapper.application; includeInIndex = 0; path = "Projects28-30_100days.app"; sourceTree = BUILT_PRODUCTS_DIR; };
		786DFB202A00637600F433EA /* AppDelegate.swift */ = {isa = PBXFileReference; lastKnownFileType = sourcecode.swift; path = AppDelegate.swift; sourceTree = "<group>"; };
		786DFB222A00637600F433EA /* SceneDelegate.swift */ = {isa = PBXFileReference; lastKnownFileType = sourcecode.swift; path = SceneDelegate.swift; sourceTree = "<group>"; };
		786DFB242A00637600F433EA /* ViewController.swift */ = {isa = PBXFileReference; lastKnownFileType = sourcecode.swift; path = ViewController.swift; sourceTree = "<group>"; };
		786DFB272A00637600F433EA /* Base */ = {isa = PBXFileReference; lastKnownFileType = file.storyboard; name = Base; path = Base.lproj/Main.storyboard; sourceTree = "<group>"; };
		786DFB2A2A00637600F433EA /* Projects28_30_100days.xcdatamodel */ = {isa = PBXFileReference; lastKnownFileType = wrapper.xcdatamodel; path = Projects28_30_100days.xcdatamodel; sourceTree = "<group>"; };
		786DFB2C2A00637700F433EA /* Assets.xcassets */ = {isa = PBXFileReference; lastKnownFileType = folder.assetcatalog; path = Assets.xcassets; sourceTree = "<group>"; };
		786DFB2F2A00637700F433EA /* Base */ = {isa = PBXFileReference; lastKnownFileType = file.storyboard; name = Base; path = Base.lproj/LaunchScreen.storyboard; sourceTree = "<group>"; };
		786DFB312A00637700F433EA /* Info.plist */ = {isa = PBXFileReference; lastKnownFileType = text.plist.xml; path = Info.plist; sourceTree = "<group>"; };
		786DFB392A00649900F433EA /* Card.swift */ = {isa = PBXFileReference; lastKnownFileType = sourcecode.swift; path = Card.swift; sourceTree = "<group>"; };
/* End PBXFileReference section */

/* Begin PBXFrameworksBuildPhase section */
		786DFB1A2A00637600F433EA /* Frameworks */ = {
			isa = PBXFrameworksBuildPhase;
			buildActionMask = 2147483647;
			files = (
			);
			runOnlyForDeploymentPostprocessing = 0;
		};
/* End PBXFrameworksBuildPhase section */

/* Begin PBXGroup section */
		786DFB142A00637600F433EA = {
			isa = PBXGroup;
			children = (
				786DFB1F2A00637600F433EA /* Projects28-30_100days */,
				786DFB1E2A00637600F433EA /* Products */,
			);
			sourceTree = "<group>";
		};
		786DFB1E2A00637600F433EA /* Products */ = {
			isa = PBXGroup;
			children = (
				786DFB1D2A00637600F433EA /* Projects28-30_100days.app */,
			);
			name = Products;
			sourceTree = "<group>";
		};
		786DFB1F2A00637600F433EA /* Projects28-30_100days */ = {
			isa = PBXGroup;
			children = (
				786DFB202A00637600F433EA /* AppDelegate.swift */,
				786DFB222A00637600F433EA /* SceneDelegate.swift */,
				786DFB242A00637600F433EA /* ViewController.swift */,
				781D91BC2A01E36100EAA6BD /* TableViewController.swift */,
				786DFB392A00649900F433EA /* Card.swift */,
				786DFB262A00637600F433EA /* Main.storyboard */,
				786DFB2C2A00637700F433EA /* Assets.xcassets */,
				786DFB2E2A00637700F433EA /* LaunchScreen.storyboard */,
				786DFB312A00637700F433EA /* Info.plist */,
				786DFB292A00637600F433EA /* Projects28_30_100days.xcdatamodeld */,
				780FF4E82A032ABE0072F00B /* KeychainItemAccessibility.swift */,
				780FF4E92A032ABE0072F00B /* KeychainWrapper.swift */,
			);
			path = "Projects28-30_100days";
			sourceTree = "<group>";
		};
/* End PBXGroup section */

/* Begin PBXNativeTarget section */
		786DFB1C2A00637600F433EA /* Projects28-30_100days */ = {
			isa = PBXNativeTarget;
			buildConfigurationList = 786DFB342A00637700F433EA /* Build configuration list for PBXNativeTarget "Projects28-30_100days" */;
			buildPhases = (
				786DFB192A00637600F433EA /* Sources */,
				786DFB1A2A00637600F433EA /* Frameworks */,
				786DFB1B2A00637600F433EA /* Resources */,
			);
			buildRules = (
			);
			dependencies = (
			);
			name = "Projects28-30_100days";
			productName = "Projects28-30_100days";
			productReference = 786DFB1D2A00637600F433EA /* Projects28-30_100days.app */;
			productType = "com.apple.product-type.application";
		};
/* End PBXNativeTarget section */

/* Begin PBXProject section */
		786DFB152A00637600F433EA /* Project object */ = {
			isa = PBXProject;
			attributes = {
				BuildIndependentTargetsInParallel = 1;
				LastSwiftUpdateCheck = 1420;
				LastUpgradeCheck = 1420;
				TargetAttributes = {
					786DFB1C2A00637600F433EA = {
						CreatedOnToolsVersion = 14.2;
					};
				};
			};
			buildConfigurationList = 786DFB182A00637600F433EA /* Build configuration list for PBXProject "Projects28-30_100days" */;
			compatibilityVersion = "Xcode 14.0";
			developmentRegion = en;
			hasScannedForEncodings = 0;
			knownRegions = (
				en,
				Base,
			);
			mainGroup = 786DFB142A00637600F433EA;
			productRefGroup = 786DFB1E2A00637600F433EA /* Products */;
			projectDirPath = "";
			projectRoot = "";
			targets = (
				786DFB1C2A00637600F433EA /* Projects28-30_100days */,
			);
		};
/* End PBXProject section */

/* Begin PBXResourcesBuildPhase section */
		786DFB1B2A00637600F433EA /* Resources */ = {
			isa = PBXResourcesBuildPhase;
			buildActionMask = 2147483647;
			files = (
				786DFB302A00637700F433EA /* LaunchScreen.storyboard in Resources */,
				786DFB2D2A00637700F433EA /* Assets.xcassets in Resources */,
				786DFB282A00637600F433EA /* Main.storyboard in Resources */,
			);
			runOnlyForDeploymentPostprocessing = 0;
		};
/* End PBXResourcesBuildPhase section */

/* Begin PBXSourcesBuildPhase section */
		786DFB192A00637600F433EA /* Sources */ = {
			isa = PBXSourcesBuildPhase;
			buildActionMask = 2147483647;
			files = (
				786DFB252A00637600F433EA /* ViewController.swift in Sources */,
				781D91BD2A01E36100EAA6BD /* TableViewController.swift in Sources */,
				786DFB3A2A00649900F433EA /* Card.swift in Sources */,
				786DFB2B2A00637600F433EA /* Projects28_30_100days.xcdatamodeld in Sources */,
				786DFB212A00637600F433EA /* AppDelegate.swift in Sources */,
				780FF4EB2A032ABE0072F00B /* KeychainWrapper.swift in Sources */,
				780FF4EA2A032ABE0072F00B /* KeychainItemAccessibility.swift in Sources */,
				786DFB232A00637600F433EA /* SceneDelegate.swift in Sources */,
			);
			runOnlyForDeploymentPostprocessing = 0;
		};
/* End PBXSourcesBuildPhase section */

/* Begin PBXVariantGroup section */
		786DFB262A00637600F433EA /* Main.storyboard */ = {
			isa = PBXVariantGroup;
			children = (
				786DFB272A00637600F433EA /* Base */,
			);
			name = Main.storyboard;
			sourceTree = "<group>";
		};
		786DFB2E2A00637700F433EA /* LaunchScreen.storyboard */ = {
			isa = PBXVariantGroup;
			children = (
				786DFB2F2A00637700F433EA /* Base */,
			);
			name = LaunchScreen.storyboard;
			sourceTree = "<group>";
		};
/* End PBXVariantGroup section */

/* Begin XCBuildConfiguration section */
		786DFB322A00637700F433EA /* Debug */ = {
			isa = XCBuildConfiguration;
			buildSettings = {
				ALWAYS_SEARCH_USER_PATHS = NO;
				CLANG_ANALYZER_NONNULL = YES;
				CLANG_ANALYZER_NUMBER_OBJECT_CONVERSION = YES_AGGRESSIVE;
				CLANG_CXX_LANGUAGE_STANDARD = "gnu++20";
				CLANG_ENABLE_MODULES = YES;
				CLANG_ENABLE_OBJC_ARC = YES;
				CLANG_ENABLE_OBJC_WEAK = YES;
				CLANG_WARN_BLOCK_CAPTURE_AUTORELEASING = YES;
				CLANG_WARN_BOOL_CONVERSION = YES;
				CLANG_WARN_COMMA = YES;
				CLANG_WARN_CONSTANT_CONVERSION = YES;
				CLANG_WARN_DEPRECATED_OBJC_IMPLEMENTATIONS = YES;
				CLANG_WARN_DIRECT_OBJC_ISA_USAGE = YES_ERROR;
				CLANG_WARN_DOCUMENTATION_COMMENTS = YES;
				CLANG_WARN_EMPTY_BODY = YES;
				CLANG_WARN_ENUM_CONVERSION = YES;
				CLANG_WARN_INFINITE_RECURSION = YES;
				CLANG_WARN_INT_CONVERSION = YES;
				CLANG_WARN_NON_LITERAL_NULL_CONVERSION = YES;
				CLANG_WARN_OBJC_IMPLICIT_RETAIN_SELF = YES;
				CLANG_WARN_OBJC_LITERAL_CONVERSION = YES;
				CLANG_WARN_OBJC_ROOT_CLASS = YES_ERROR;
				CLANG_WARN_QUOTED_INCLUDE_IN_FRAMEWORK_HEADER = YES;
				CLANG_WARN_RANGE_LOOP_ANALYSIS = YES;
				CLANG_WARN_STRICT_PROTOTYPES = YES;
				CLANG_WARN_SUSPICIOUS_MOVE = YES;
				CLANG_WARN_UNGUARDED_AVAILABILITY = YES_AGGRESSIVE;
				CLANG_WARN_UNREACHABLE_CODE = YES;
				CLANG_WARN__DUPLICATE_METHOD_MATCH = YES;
				COPY_PHASE_STRIP = NO;
				DEBUG_INFORMATION_FORMAT = dwarf;
				ENABLE_STRICT_OBJC_MSGSEND = YES;
				ENABLE_TESTABILITY = YES;
				GCC_C_LANGUAGE_STANDARD = gnu11;
				GCC_DYNAMIC_NO_PIC = NO;
				GCC_NO_COMMON_BLOCKS = YES;
				GCC_OPTIMIZATION_LEVEL = 0;
				GCC_PREPROCESSOR_DEFINITIONS = (
					"DEBUG=1",
					"$(inherited)",
				);
				GCC_WARN_64_TO_32_BIT_CONVERSION = YES;
				GCC_WARN_ABOUT_RETURN_TYPE = YES_ERROR;
				GCC_WARN_UNDECLARED_SELECTOR = YES;
				GCC_WARN_UNINITIALIZED_AUTOS = YES_AGGRESSIVE;
				GCC_WARN_UNUSED_FUNCTION = YES;
				GCC_WARN_UNUSED_VARIABLE = YES;
				IPHONEOS_DEPLOYMENT_TARGET = 16.2;
				MTL_ENABLE_DEBUG_INFO = INCLUDE_SOURCE;
				MTL_FAST_MATH = YES;
				ONLY_ACTIVE_ARCH = YES;
				SDKROOT = iphoneos;
				SWIFT_ACTIVE_COMPILATION_CONDITIONS = DEBUG;
				SWIFT_OPTIMIZATION_LEVEL = "-Onone";
			};
			name = Debug;
		};
		786DFB332A00637700F433EA /* Release */ = {
			isa = XCBuildConfiguration;
			buildSettings = {
				ALWAYS_SEARCH_USER_PATHS = NO;
				CLANG_ANALYZER_NONNULL = YES;
				CLANG_ANALYZER_NUMBER_OBJECT_CONVERSION = YES_AGGRESSIVE;
				CLANG_CXX_LANGUAGE_STANDARD = "gnu++20";
				CLANG_ENABLE_MODULES = YES;
				CLANG_ENABLE_OBJC_ARC = YES;
				CLANG_ENABLE_OBJC_WEAK = YES;
				CLANG_WARN_BLOCK_CAPTURE_AUTORELEASING = YES;
				CLANG_WARN_BOOL_CONVERSION = YES;
				CLANG_WARN_COMMA = YES;
				CLANG_WARN_CONSTANT_CONVERSION = YES;
				CLANG_WARN_DEPRECATED_OBJC_IMPLEMENTATIONS = YES;
				CLANG_WARN_DIRECT_OBJC_ISA_USAGE = YES_ERROR;
				CLANG_WARN_DOCUMENTATION_COMMENTS = YES;
				CLANG_WARN_EMPTY_BODY = YES;
				CLANG_WARN_ENUM_CONVERSION = YES;
				CLANG_WARN_INFINITE_RECURSION = YES;
				CLANG_WARN_INT_CONVERSION = YES;
				CLANG_WARN_NON_LITERAL_NULL_CONVERSION = YES;
				CLANG_WARN_OBJC_IMPLICIT_RETAIN_SELF = YES;
				CLANG_WARN_OBJC_LITERAL_CONVERSION = YES;
				CLANG_WARN_OBJC_ROOT_CLASS = YES_ERROR;
				CLANG_WARN_QUOTED_INCLUDE_IN_FRAMEWORK_HEADER = YES;
				CLANG_WARN_RANGE_LOOP_ANALYSIS = YES;
				CLANG_WARN_STRICT_PROTOTYPES = YES;
				CLANG_WARN_SUSPICIOUS_MOVE = YES;
				CLANG_WARN_UNGUARDED_AVAILABILITY = YES_AGGRESSIVE;
				CLANG_WARN_UNREACHABLE_CODE = YES;
				CLANG_WARN__DUPLICATE_METHOD_MATCH = YES;
				COPY_PHASE_STRIP = NO;
				DEBUG_INFORMATION_FORMAT = "dwarf-with-dsym";
				ENABLE_NS_ASSERTIONS = NO;
				ENABLE_STRICT_OBJC_MSGSEND = YES;
				GCC_C_LANGUAGE_STANDARD = gnu11;
				GCC_NO_COMMON_BLOCKS = YES;
				GCC_WARN_64_TO_32_BIT_CONVERSION = YES;
				GCC_WARN_ABOUT_RETURN_TYPE = YES_ERROR;
				GCC_WARN_UNDECLARED_SELECTOR = YES;
				GCC_WARN_UNINITIALIZED_AUTOS = YES_AGGRESSIVE;
				GCC_WARN_UNUSED_FUNCTION = YES;
				GCC_WARN_UNUSED_VARIABLE = YES;
				IPHONEOS_DEPLOYMENT_TARGET = 16.2;
				MTL_ENABLE_DEBUG_INFO = NO;
				MTL_FAST_MATH = YES;
				SDKROOT = iphoneos;
				SWIFT_COMPILATION_MODE = wholemodule;
				SWIFT_OPTIMIZATION_LEVEL = "-O";
				VALIDATE_PRODUCT = YES;
			};
			name = Release;
		};
		786DFB352A00637700F433EA /* Debug */ = {
			isa = XCBuildConfiguration;
			buildSettings = {
				ASSETCATALOG_COMPILER_APPICON_NAME = AppIcon;
				ASSETCATALOG_COMPILER_GLOBAL_ACCENT_COLOR_NAME = AccentColor;
				CODE_SIGN_STYLE = Automatic;
				CURRENT_PROJECT_VERSION = 1;
				DEVELOPMENT_TEAM = F5F7NPNRK8;
				GENERATE_INFOPLIST_FILE = YES;
				INFOPLIST_FILE = "Projects28-30_100days/Info.plist";
				INFOPLIST_KEY_UIApplicationSupportsIndirectInputEvents = YES;
				INFOPLIST_KEY_UILaunchStoryboardName = LaunchScreen;
				INFOPLIST_KEY_UIMainStoryboardFile = Main;
				INFOPLIST_KEY_UISupportedInterfaceOrientations_iPad = "UIInterfaceOrientationPortrait UIInterfaceOrientationPortraitUpsideDown UIInterfaceOrientationLandscapeLeft UIInterfaceOrientationLandscapeRight";
				INFOPLIST_KEY_UISupportedInterfaceOrientations_iPhone = "UIInterfaceOrientationPortrait UIInterfaceOrientationLandscapeLeft UIInterfaceOrientationLandscapeRight";
				LD_RUNPATH_SEARCH_PATHS = (
					"$(inherited)",
					"@executable_path/Frameworks",
				);
				MARKETING_VERSION = 1.0;
				PRODUCT_BUNDLE_IDENTIFIER = "com.example.Projects28-30-100days";
				PRODUCT_NAME = "$(TARGET_NAME)";
				SWIFT_EMIT_LOC_STRINGS = YES;
				SWIFT_VERSION = 5.0;
				TARGETED_DEVICE_FAMILY = "1,2";
			};
			name = Debug;
		};
		786DFB362A00637700F433EA /* Release */ = {
			isa = XCBuildConfiguration;
			buildSettings = {
				ASSETCATALOG_COMPILER_APPICON_NAME = AppIcon;
				ASSETCATALOG_COMPILER_GLOBAL_ACCENT_COLOR_NAME = AccentColor;
				CODE_SIGN_STYLE = Automatic;
				CURRENT_PROJECT_VERSION = 1;
				DEVELOPMENT_TEAM = F5F7NPNRK8;
				GENERATE_INFOPLIST_FILE = YES;
				INFOPLIST_FILE = "Projects28-30_100days/Info.plist";
				INFOPLIST_KEY_UIApplicationSupportsIndirectInputEvents = YES;
				INFOPLIST_KEY_UILaunchStoryboardName = LaunchScreen;
				INFOPLIST_KEY_UIMainStoryboardFile = Main;
				INFOPLIST_KEY_UISupportedInterfaceOrientations_iPad = "UIInterfaceOrientationPortrait UIInterfaceOrientationPortraitUpsideDown UIInterfaceOrientationLandscapeLeft UIInterfaceOrientationLandscapeRight";
				INFOPLIST_KEY_UISupportedInterfaceOrientations_iPhone = "UIInterfaceOrientationPortrait UIInterfaceOrientationLandscapeLeft UIInterfaceOrientationLandscapeRight";
				LD_RUNPATH_SEARCH_PATHS = (
					"$(inherited)",
					"@executable_path/Frameworks",
				);
				MARKETING_VERSION = 1.0;
				PRODUCT_BUNDLE_IDENTIFIER = "com.example.Projects28-30-100days";
				PRODUCT_NAME = "$(TARGET_NAME)";
				SWIFT_EMIT_LOC_STRINGS = YES;
				SWIFT_VERSION = 5.0;
				TARGETED_DEVICE_FAMILY = "1,2";
			};
			name = Release;
		};
/* End XCBuildConfiguration section */

/* Begin XCConfigurationList section */
		786DFB182A00637600F433EA /* Build configuration list for PBXProject "Projects28-30_100days" */ = {
			isa = XCConfigurationList;
			buildConfigurations = (
				786DFB322A00637700F433EA /* Debug */,
				786DFB332A00637700F433EA /* Release */,
			);
			defaultConfigurationIsVisible = 0;
			defaultConfigurationName = Release;
		};
		786DFB342A00637700F433EA /* Build configuration list for PBXNativeTarget "Projects28-30_100days" */ = {
			isa = XCConfigurationList;
			buildConfigurations = (
				786DFB352A00637700F433EA /* Debug */,
				786DFB362A00637700F433EA /* Release */,
			);
			defaultConfigurationIsVisible = 0;
			defaultConfigurationName = Release;
		};
/* End XCConfigurationList section */

/* Begin XCVersionGroup section */
		786DFB292A00637600F433EA /* Projects28_30_100days.xcdatamodeld */ = {
			isa = XCVersionGroup;
			children = (
				786DFB2A2A00637600F433EA /* Projects28_30_100days.xcdatamodel */,
			);
			currentVersion = 786DFB2A2A00637600F433EA /* Projects28_30_100days.xcdatamodel */;
			path = Projects28_30_100days.xcdatamodeld;
			sourceTree = "<group>";
			versionGroupType = wrapper.xcdatamodel;
		};
/* End XCVersionGroup section */
	};
	rootObject = 786DFB152A00637600F433EA /* Project object */;
}
